// !$*UTF8*$!
{
	archiveVersion = 1;
	classes = {
	};
	objectVersion = 46;
	objects = {

/* Begin PBXBuildFile section */
		4913D3A51928CA9C00DDA7E0 /* Foundation.framework in Frameworks */ = {isa = PBXBuildFile; fileRef = 4913D3A41928CA9C00DDA7E0 /* Foundation.framework */; };
		4913D3A71928CA9C00DDA7E0 /* CoreGraphics.framework in Frameworks */ = {isa = PBXBuildFile; fileRef = 4913D3A61928CA9C00DDA7E0 /* CoreGraphics.framework */; };
		4913D3A91928CA9C00DDA7E0 /* UIKit.framework in Frameworks */ = {isa = PBXBuildFile; fileRef = 4913D3A81928CA9C00DDA7E0 /* UIKit.framework */; };
		4913D3AF1928CA9C00DDA7E0 /* InfoPlist.strings in Resources */ = {isa = PBXBuildFile; fileRef = 4913D3AD1928CA9C00DDA7E0 /* InfoPlist.strings */; };
		4913D3B11928CA9C00DDA7E0 /* main.m in Sources */ = {isa = PBXBuildFile; fileRef = 4913D3B01928CA9C00DDA7E0 /* main.m */; };
		4913D3B51928CA9C00DDA7E0 /* AppDelegate.m in Sources */ = {isa = PBXBuildFile; fileRef = 4913D3B41928CA9C00DDA7E0 /* AppDelegate.m */; };
		4913D3B81928CA9C00DDA7E0 /* Main.storyboard in Resources */ = {isa = PBXBuildFile; fileRef = 4913D3B61928CA9C00DDA7E0 /* Main.storyboard */; };
		4913D3BD1928CA9C00DDA7E0 /* Images.xcassets in Resources */ = {isa = PBXBuildFile; fileRef = 4913D3BC1928CA9C00DDA7E0 /* Images.xcassets */; };
		4913D3C41928CA9C00DDA7E0 /* XCTest.framework in Frameworks */ = {isa = PBXBuildFile; fileRef = 4913D3C31928CA9C00DDA7E0 /* XCTest.framework */; };
		4913D3C51928CA9C00DDA7E0 /* Foundation.framework in Frameworks */ = {isa = PBXBuildFile; fileRef = 4913D3A41928CA9C00DDA7E0 /* Foundation.framework */; };
		4913D3C61928CA9C00DDA7E0 /* UIKit.framework in Frameworks */ = {isa = PBXBuildFile; fileRef = 4913D3A81928CA9C00DDA7E0 /* UIKit.framework */; };
		4913D3CE1928CA9C00DDA7E0 /* InfoPlist.strings in Resources */ = {isa = PBXBuildFile; fileRef = 4913D3CC1928CA9C00DDA7E0 /* InfoPlist.strings */; };
		4913D3D01928CA9C00DDA7E0 /* SeaportTests.m in Sources */ = {isa = PBXBuildFile; fileRef = 4913D3CF1928CA9C00DDA7E0 /* SeaportTests.m */; };
		4913D3F31928CB4F00DDA7E0 /* libz.dylib in Frameworks */ = {isa = PBXBuildFile; fileRef = 4913D3F21928CB4F00DDA7E0 /* libz.dylib */; };
		54DAE48A4B847ABD75DA3208 /* libPods-SeaportTests.a in Frameworks */ = {isa = PBXBuildFile; fileRef = 6170FCA38D3D075760CF466D /* libPods-SeaportTests.a */; };
		841CE185E9457FD1F6454F88 /* libPods-Seaport.a in Frameworks */ = {isa = PBXBuildFile; fileRef = 791ED51A2489115026349BE0 /* libPods-Seaport.a */; };
		FA50CEFF1CBCD1A800B3B1CC /* Seaport.m in Sources */ = {isa = PBXBuildFile; fileRef = FA50CEFC1CBCD1A800B3B1CC /* Seaport.m */; };
		FAD94C0C1CA2373600A85A71 /* Launch Screen.storyboard in Resources */ = {isa = PBXBuildFile; fileRef = FAD94C0B1CA2373600A85A71 /* Launch Screen.storyboard */; };
		FAF926241963E55700D970A2 /* ViewController.m in Sources */ = {isa = PBXBuildFile; fileRef = FAF926231963E55700D970A2 /* ViewController.m */; };
		FAF9263B1963E55F00D970A2 /* WebViewJavascriptBridge.js.txt in Resources */ = {isa = PBXBuildFile; fileRef = FAF926341963E55F00D970A2 /* WebViewJavascriptBridge.js.txt */; };
		FAF9263C1963E55F00D970A2 /* WebViewJavascriptBridge.m in Sources */ = {isa = PBXBuildFile; fileRef = FAF926351963E55F00D970A2 /* WebViewJavascriptBridge.m */; };
		FAF926451963E56900D970A2 /* SeaportWebViewBridge.m in Sources */ = {isa = PBXBuildFile; fileRef = FAF926421963E56900D970A2 /* SeaportWebViewBridge.m */; };
/* End PBXBuildFile section */

/* Begin PBXContainerItemProxy section */
		4913D3C71928CA9C00DDA7E0 /* PBXContainerItemProxy */ = {
			isa = PBXContainerItemProxy;
			containerPortal = 4913D3991928CA9C00DDA7E0 /* Project object */;
			proxyType = 1;
			remoteGlobalIDString = 4913D3A01928CA9C00DDA7E0;
			remoteInfo = Seaport;
		};
/* End PBXContainerItemProxy section */

/* Begin PBXFileReference section */
		228ADE7746120B8DEC911CD2 /* Pods-Seaport.debug.xcconfig */ = {isa = PBXFileReference; includeInIndex = 1; lastKnownFileType = text.xcconfig; name = "Pods-Seaport.debug.xcconfig"; path = "Pods/Target Support Files/Pods-Seaport/Pods-Seaport.debug.xcconfig"; sourceTree = "<group>"; };
		4913D3A11928CA9C00DDA7E0 /* Seaport.app */ = {isa = PBXFileReference; explicitFileType = wrapper.application; includeInIndex = 0; path = Seaport.app; sourceTree = BUILT_PRODUCTS_DIR; };
		4913D3A41928CA9C00DDA7E0 /* Foundation.framework */ = {isa = PBXFileReference; lastKnownFileType = wrapper.framework; name = Foundation.framework; path = System/Library/Frameworks/Foundation.framework; sourceTree = SDKROOT; };
		4913D3A61928CA9C00DDA7E0 /* CoreGraphics.framework */ = {isa = PBXFileReference; lastKnownFileType = wrapper.framework; name = CoreGraphics.framework; path = System/Library/Frameworks/CoreGraphics.framework; sourceTree = SDKROOT; };
		4913D3A81928CA9C00DDA7E0 /* UIKit.framework */ = {isa = PBXFileReference; lastKnownFileType = wrapper.framework; name = UIKit.framework; path = System/Library/Frameworks/UIKit.framework; sourceTree = SDKROOT; };
		4913D3AC1928CA9C00DDA7E0 /* Seaport-Info.plist */ = {isa = PBXFileReference; lastKnownFileType = text.plist.xml; path = "Seaport-Info.plist"; sourceTree = "<group>"; };
		4913D3AE1928CA9C00DDA7E0 /* en */ = {isa = PBXFileReference; lastKnownFileType = text.plist.strings; name = en; path = en.lproj/InfoPlist.strings; sourceTree = "<group>"; };
		4913D3B01928CA9C00DDA7E0 /* main.m */ = {isa = PBXFileReference; lastKnownFileType = sourcecode.c.objc; path = main.m; sourceTree = "<group>"; };
		4913D3B21928CA9C00DDA7E0 /* Seaport-Prefix.pch */ = {isa = PBXFileReference; lastKnownFileType = sourcecode.c.h; path = "Seaport-Prefix.pch"; sourceTree = "<group>"; };
		4913D3B31928CA9C00DDA7E0 /* AppDelegate.h */ = {isa = PBXFileReference; lastKnownFileType = sourcecode.c.h; path = AppDelegate.h; sourceTree = "<group>"; };
		4913D3B41928CA9C00DDA7E0 /* AppDelegate.m */ = {isa = PBXFileReference; lastKnownFileType = sourcecode.c.objc; path = AppDelegate.m; sourceTree = "<group>"; };
		4913D3B71928CA9C00DDA7E0 /* Base */ = {isa = PBXFileReference; lastKnownFileType = file.storyboard; name = Base; path = Base.lproj/Main.storyboard; sourceTree = "<group>"; };
		4913D3BC1928CA9C00DDA7E0 /* Images.xcassets */ = {isa = PBXFileReference; lastKnownFileType = folder.assetcatalog; path = Images.xcassets; sourceTree = "<group>"; };
		4913D3C21928CA9C00DDA7E0 /* SeaportTests.xctest */ = {isa = PBXFileReference; explicitFileType = wrapper.cfbundle; includeInIndex = 0; path = SeaportTests.xctest; sourceTree = BUILT_PRODUCTS_DIR; };
		4913D3C31928CA9C00DDA7E0 /* XCTest.framework */ = {isa = PBXFileReference; lastKnownFileType = wrapper.framework; name = XCTest.framework; path = Library/Frameworks/XCTest.framework; sourceTree = DEVELOPER_DIR; };
		4913D3CB1928CA9C00DDA7E0 /* SeaportTests-Info.plist */ = {isa = PBXFileReference; lastKnownFileType = text.plist.xml; path = "SeaportTests-Info.plist"; sourceTree = "<group>"; };
		4913D3CD1928CA9C00DDA7E0 /* en */ = {isa = PBXFileReference; lastKnownFileType = text.plist.strings; name = en; path = en.lproj/InfoPlist.strings; sourceTree = "<group>"; };
		4913D3CF1928CA9C00DDA7E0 /* SeaportTests.m */ = {isa = PBXFileReference; lastKnownFileType = sourcecode.c.objc; path = SeaportTests.m; sourceTree = "<group>"; };
		4913D3F21928CB4F00DDA7E0 /* libz.dylib */ = {isa = PBXFileReference; lastKnownFileType = "compiled.mach-o.dylib"; name = libz.dylib; path = usr/lib/libz.dylib; sourceTree = SDKROOT; };
		53C3C502A54CFAD81D3DBF21 /* Pods-Seaport.release.xcconfig */ = {isa = PBXFileReference; includeInIndex = 1; lastKnownFileType = text.xcconfig; name = "Pods-Seaport.release.xcconfig"; path = "Pods/Target Support Files/Pods-Seaport/Pods-Seaport.release.xcconfig"; sourceTree = "<group>"; };
		59EDB8A636C1519852D29A32 /* Pods-SeaportTests.debug.xcconfig */ = {isa = PBXFileReference; includeInIndex = 1; lastKnownFileType = text.xcconfig; name = "Pods-SeaportTests.debug.xcconfig"; path = "Pods/Target Support Files/Pods-SeaportTests/Pods-SeaportTests.debug.xcconfig"; sourceTree = "<group>"; };
		6170FCA38D3D075760CF466D /* libPods-SeaportTests.a */ = {isa = PBXFileReference; explicitFileType = archive.ar; includeInIndex = 0; path = "libPods-SeaportTests.a"; sourceTree = BUILT_PRODUCTS_DIR; };
		787771C73B983B0D76C7C2EA /* Pods-SeaportTests.release.xcconfig */ = {isa = PBXFileReference; includeInIndex = 1; lastKnownFileType = text.xcconfig; name = "Pods-SeaportTests.release.xcconfig"; path = "Pods/Target Support Files/Pods-SeaportTests/Pods-SeaportTests.release.xcconfig"; sourceTree = "<group>"; };
		791ED51A2489115026349BE0 /* libPods-Seaport.a */ = {isa = PBXFileReference; explicitFileType = archive.ar; includeInIndex = 0; path = "libPods-Seaport.a"; sourceTree = BUILT_PRODUCTS_DIR; };
		FA50CEFB1CBCD1A800B3B1CC /* Seaport.h */ = {isa = PBXFileReference; fileEncoding = 4; lastKnownFileType = sourcecode.c.h; path = Seaport.h; sourceTree = "<group>"; };
		FA50CEFC1CBCD1A800B3B1CC /* Seaport.m */ = {isa = PBXFileReference; fileEncoding = 4; lastKnownFileType = sourcecode.c.objc; path = Seaport.m; sourceTree = "<group>"; };
		FAD94C0B1CA2373600A85A71 /* Launch Screen.storyboard */ = {isa = PBXFileReference; fileEncoding = 4; lastKnownFileType = file.storyboard; path = "Launch Screen.storyboard"; sourceTree = "<group>"; };
		FAF926221963E55700D970A2 /* ViewController.h */ = {isa = PBXFileReference; fileEncoding = 4; lastKnownFileType = sourcecode.c.h; path = ViewController.h; sourceTree = "<group>"; };
		FAF926231963E55700D970A2 /* ViewController.m */ = {isa = PBXFileReference; fileEncoding = 4; lastKnownFileType = sourcecode.c.objc; path = ViewController.m; sourceTree = "<group>"; };
		FAF926331963E55F00D970A2 /* WebViewJavascriptBridge.h */ = {isa = PBXFileReference; fileEncoding = 4; lastKnownFileType = sourcecode.c.h; path = WebViewJavascriptBridge.h; sourceTree = "<group>"; };
		FAF926341963E55F00D970A2 /* WebViewJavascriptBridge.js.txt */ = {isa = PBXFileReference; fileEncoding = 4; lastKnownFileType = text; path = WebViewJavascriptBridge.js.txt; sourceTree = "<group>"; };
		FAF926351963E55F00D970A2 /* WebViewJavascriptBridge.m */ = {isa = PBXFileReference; fileEncoding = 4; lastKnownFileType = sourcecode.c.objc; path = WebViewJavascriptBridge.m; sourceTree = "<group>"; };
		FAF926411963E56900D970A2 /* SeaportWebViewBridge.h */ = {isa = PBXFileReference; fileEncoding = 4; lastKnownFileType = sourcecode.c.h; path = SeaportWebViewBridge.h; sourceTree = "<group>"; };
		FAF926421963E56900D970A2 /* SeaportWebViewBridge.m */ = {isa = PBXFileReference; fileEncoding = 4; lastKnownFileType = sourcecode.c.objc; path = SeaportWebViewBridge.m; sourceTree = "<group>"; };
/* End PBXFileReference section */

/* Begin PBXFrameworksBuildPhase section */
		4913D39E1928CA9C00DDA7E0 /* Frameworks */ = {
			isa = PBXFrameworksBuildPhase;
			buildActionMask = 2147483647;
			files = (
				4913D3F31928CB4F00DDA7E0 /* libz.dylib in Frameworks */,
				4913D3A71928CA9C00DDA7E0 /* CoreGraphics.framework in Frameworks */,
				4913D3A91928CA9C00DDA7E0 /* UIKit.framework in Frameworks */,
				4913D3A51928CA9C00DDA7E0 /* Foundation.framework in Frameworks */,
				841CE185E9457FD1F6454F88 /* libPods-Seaport.a in Frameworks */,
			);
			runOnlyForDeploymentPostprocessing = 0;
		};
		4913D3BF1928CA9C00DDA7E0 /* Frameworks */ = {
			isa = PBXFrameworksBuildPhase;
			buildActionMask = 2147483647;
			files = (
				4913D3C41928CA9C00DDA7E0 /* XCTest.framework in Frameworks */,
				4913D3C61928CA9C00DDA7E0 /* UIKit.framework in Frameworks */,
				4913D3C51928CA9C00DDA7E0 /* Foundation.framework in Frameworks */,
				54DAE48A4B847ABD75DA3208 /* libPods-SeaportTests.a in Frameworks */,
			);
			runOnlyForDeploymentPostprocessing = 0;
		};
/* End PBXFrameworksBuildPhase section */

/* Begin PBXGroup section */
		3882CFD6D8A32A180833C1CD /* Pods */ = {
			isa = PBXGroup;
			children = (
				228ADE7746120B8DEC911CD2 /* Pods-Seaport.debug.xcconfig */,
				53C3C502A54CFAD81D3DBF21 /* Pods-Seaport.release.xcconfig */,
				59EDB8A636C1519852D29A32 /* Pods-SeaportTests.debug.xcconfig */,
				787771C73B983B0D76C7C2EA /* Pods-SeaportTests.release.xcconfig */,
			);
			name = Pods;
			sourceTree = "<group>";
		};
		4913D3981928CA9C00DDA7E0 = {
			isa = PBXGroup;
			children = (
				4913D3AA1928CA9C00DDA7E0 /* Seaport */,
				4913D3C91928CA9C00DDA7E0 /* SeaportTests */,
				4913D3A31928CA9C00DDA7E0 /* Frameworks */,
				4913D3A21928CA9C00DDA7E0 /* Products */,
				3882CFD6D8A32A180833C1CD /* Pods */,
			);
			sourceTree = "<group>";
		};
		4913D3A21928CA9C00DDA7E0 /* Products */ = {
			isa = PBXGroup;
			children = (
				4913D3A11928CA9C00DDA7E0 /* Seaport.app */,
				4913D3C21928CA9C00DDA7E0 /* SeaportTests.xctest */,
			);
			name = Products;
			sourceTree = "<group>";
		};
		4913D3A31928CA9C00DDA7E0 /* Frameworks */ = {
			isa = PBXGroup;
			children = (
				4913D3F21928CB4F00DDA7E0 /* libz.dylib */,
				4913D3A41928CA9C00DDA7E0 /* Foundation.framework */,
				4913D3A61928CA9C00DDA7E0 /* CoreGraphics.framework */,
				4913D3A81928CA9C00DDA7E0 /* UIKit.framework */,
				4913D3C31928CA9C00DDA7E0 /* XCTest.framework */,
				791ED51A2489115026349BE0 /* libPods-Seaport.a */,
				6170FCA38D3D075760CF466D /* libPods-SeaportTests.a */,
			);
			name = Frameworks;
			sourceTree = "<group>";
		};
		4913D3AA1928CA9C00DDA7E0 /* Seaport */ = {
			isa = PBXGroup;
			children = (
				FA50CEE81CBCD16C00B3B1CC /* Sources */,
				FAF926211963E54800D970A2 /* lib */,
				4913D3B31928CA9C00DDA7E0 /* AppDelegate.h */,
				4913D3B41928CA9C00DDA7E0 /* AppDelegate.m */,
				FAF926221963E55700D970A2 /* ViewController.h */,
				FAF926231963E55700D970A2 /* ViewController.m */,
				FAD94C0B1CA2373600A85A71 /* Launch Screen.storyboard */,
				4913D3B61928CA9C00DDA7E0 /* Main.storyboard */,
				4913D3BC1928CA9C00DDA7E0 /* Images.xcassets */,
				4913D3AB1928CA9C00DDA7E0 /* Supporting Files */,
			);
			path = Seaport;
			sourceTree = "<group>";
		};
		4913D3AB1928CA9C00DDA7E0 /* Supporting Files */ = {
			isa = PBXGroup;
			children = (
				4913D3AC1928CA9C00DDA7E0 /* Seaport-Info.plist */,
				4913D3AD1928CA9C00DDA7E0 /* InfoPlist.strings */,
				4913D3B01928CA9C00DDA7E0 /* main.m */,
				4913D3B21928CA9C00DDA7E0 /* Seaport-Prefix.pch */,
			);
			name = "Supporting Files";
			sourceTree = "<group>";
		};
		4913D3C91928CA9C00DDA7E0 /* SeaportTests */ = {
			isa = PBXGroup;
			children = (
				4913D3CF1928CA9C00DDA7E0 /* SeaportTests.m */,
				4913D3CA1928CA9C00DDA7E0 /* Supporting Files */,
			);
			path = SeaportTests;
			sourceTree = "<group>";
		};
		4913D3CA1928CA9C00DDA7E0 /* Supporting Files */ = {
			isa = PBXGroup;
			children = (
				4913D3CB1928CA9C00DDA7E0 /* SeaportTests-Info.plist */,
				4913D3CC1928CA9C00DDA7E0 /* InfoPlist.strings */,
			);
			name = "Supporting Files";
			sourceTree = "<group>";
		};
		FA50CEE81CBCD16C00B3B1CC /* Sources */ = {
			isa = PBXGroup;
			children = (
				FA50CEFB1CBCD1A800B3B1CC /* Seaport.h */,
				FA50CEFC1CBCD1A800B3B1CC /* Seaport.m */,
			);
			path = Sources;
			sourceTree = "<group>";
		};
		FAF926211963E54800D970A2 /* lib */ = {
			isa = PBXGroup;
			children = (
				FAF926411963E56900D970A2 /* SeaportWebViewBridge.h */,
				FAF926421963E56900D970A2 /* SeaportWebViewBridge.m */,
				FAF926321963E55F00D970A2 /* WebViewJavascriptBridge */,
			);
			name = lib;
			sourceTree = "<group>";
		};
		FAF926321963E55F00D970A2 /* WebViewJavascriptBridge */ = {
			isa = PBXGroup;
			children = (
				FAF926331963E55F00D970A2 /* WebViewJavascriptBridge.h */,
				FAF926341963E55F00D970A2 /* WebViewJavascriptBridge.js.txt */,
				FAF926351963E55F00D970A2 /* WebViewJavascriptBridge.m */,
			);
			path = WebViewJavascriptBridge;
			sourceTree = "<group>";
		};
/* End PBXGroup section */

/* Begin PBXNativeTarget section */
		4913D3A01928CA9C00DDA7E0 /* Seaport */ = {
			isa = PBXNativeTarget;
			buildConfigurationList = 4913D3D31928CA9C00DDA7E0 /* Build configuration list for PBXNativeTarget "Seaport" */;
			buildPhases = (
				BB1CF2F9802B6AD758648A74 /* 📦 Check Pods Manifest.lock */,
				4913D39D1928CA9C00DDA7E0 /* Sources */,
				4913D39E1928CA9C00DDA7E0 /* Frameworks */,
				4913D39F1928CA9C00DDA7E0 /* Resources */,
				72604A2321C49064A460BFD5 /* 📦 Embed Pods Frameworks */,
				97B847A813B49EFDE40419CA /* 📦 Copy Pods Resources */,
			);
			buildRules = (
			);
			dependencies = (
			);
			name = Seaport;
			productName = Seaport;
			productReference = 4913D3A11928CA9C00DDA7E0 /* Seaport.app */;
			productType = "com.apple.product-type.application";
		};
		4913D3C11928CA9C00DDA7E0 /* SeaportTests */ = {
			isa = PBXNativeTarget;
			buildConfigurationList = 4913D3D61928CA9C00DDA7E0 /* Build configuration list for PBXNativeTarget "SeaportTests" */;
			buildPhases = (
				ED9259302CB20C4740A1A5D2 /* 📦 Check Pods Manifest.lock */,
				4913D3BE1928CA9C00DDA7E0 /* Sources */,
				4913D3BF1928CA9C00DDA7E0 /* Frameworks */,
				4913D3C01928CA9C00DDA7E0 /* Resources */,
				C582C5EC2FE3427521D8D7D1 /* 📦 Embed Pods Frameworks */,
				87D76B5AE609F6D6C58B7F0F /* 📦 Copy Pods Resources */,
			);
			buildRules = (
			);
			dependencies = (
				4913D3C81928CA9C00DDA7E0 /* PBXTargetDependency */,
			);
			name = SeaportTests;
			productName = SeaportTests;
			productReference = 4913D3C21928CA9C00DDA7E0 /* SeaportTests.xctest */;
			productType = "com.apple.product-type.bundle.unit-test";
		};
/* End PBXNativeTarget section */

/* Begin PBXProject section */
		4913D3991928CA9C00DDA7E0 /* Project object */ = {
			isa = PBXProject;
			attributes = {
				LastUpgradeCheck = 0510;
				ORGANIZATIONNAME = ltebean;
				TargetAttributes = {
					4913D3C11928CA9C00DDA7E0 = {
						TestTargetID = 4913D3A01928CA9C00DDA7E0;
					};
				};
			};
			buildConfigurationList = 4913D39C1928CA9C00DDA7E0 /* Build configuration list for PBXProject "Seaport" */;
			compatibilityVersion = "Xcode 3.2";
			developmentRegion = English;
			hasScannedForEncodings = 0;
			knownRegions = (
				en,
				Base,
			);
			mainGroup = 4913D3981928CA9C00DDA7E0;
			productRefGroup = 4913D3A21928CA9C00DDA7E0 /* Products */;
			projectDirPath = "";
			projectRoot = "";
			targets = (
				4913D3A01928CA9C00DDA7E0 /* Seaport */,
				4913D3C11928CA9C00DDA7E0 /* SeaportTests */,
			);
		};
/* End PBXProject section */

/* Begin PBXResourcesBuildPhase section */
		4913D39F1928CA9C00DDA7E0 /* Resources */ = {
			isa = PBXResourcesBuildPhase;
			buildActionMask = 2147483647;
			files = (
				FAF9263B1963E55F00D970A2 /* WebViewJavascriptBridge.js.txt in Resources */,
				4913D3BD1928CA9C00DDA7E0 /* Images.xcassets in Resources */,
				4913D3AF1928CA9C00DDA7E0 /* InfoPlist.strings in Resources */,
				FAD94C0C1CA2373600A85A71 /* Launch Screen.storyboard in Resources */,
				4913D3B81928CA9C00DDA7E0 /* Main.storyboard in Resources */,
			);
			runOnlyForDeploymentPostprocessing = 0;
		};
		4913D3C01928CA9C00DDA7E0 /* Resources */ = {
			isa = PBXResourcesBuildPhase;
			buildActionMask = 2147483647;
			files = (
				4913D3CE1928CA9C00DDA7E0 /* InfoPlist.strings in Resources */,
			);
			runOnlyForDeploymentPostprocessing = 0;
		};
/* End PBXResourcesBuildPhase section */

/* Begin PBXShellScriptBuildPhase section */
		72604A2321C49064A460BFD5 /* 📦 Embed Pods Frameworks */ = {
			isa = PBXShellScriptBuildPhase;
			buildActionMask = 2147483647;
			files = (
			);
			inputPaths = (
			);
			name = "📦 Embed Pods Frameworks";
			outputPaths = (
			);
			runOnlyForDeploymentPostprocessing = 0;
			shellPath = /bin/sh;
			shellScript = "\"${SRCROOT}/Pods/Target Support Files/Pods-Seaport/Pods-Seaport-frameworks.sh\"\n";
			showEnvVarsInLog = 0;
		};
		87D76B5AE609F6D6C58B7F0F /* 📦 Copy Pods Resources */ = {
			isa = PBXShellScriptBuildPhase;
			buildActionMask = 2147483647;
			files = (
			);
			inputPaths = (
			);
			name = "📦 Copy Pods Resources";
			outputPaths = (
			);
			runOnlyForDeploymentPostprocessing = 0;
			shellPath = /bin/sh;
			shellScript = "\"${SRCROOT}/Pods/Target Support Files/Pods-SeaportTests/Pods-SeaportTests-resources.sh\"\n";
			showEnvVarsInLog = 0;
		};
		97B847A813B49EFDE40419CA /* 📦 Copy Pods Resources */ = {
			isa = PBXShellScriptBuildPhase;
			buildActionMask = 2147483647;
			files = (
			);
			inputPaths = (
			);
			name = "📦 Copy Pods Resources";
			outputPaths = (
			);
			runOnlyForDeploymentPostprocessing = 0;
			shellPath = /bin/sh;
			shellScript = "\"${SRCROOT}/Pods/Target Support Files/Pods-Seaport/Pods-Seaport-resources.sh\"\n";
			showEnvVarsInLog = 0;
		};
		BB1CF2F9802B6AD758648A74 /* 📦 Check Pods Manifest.lock */ = {
			isa = PBXShellScriptBuildPhase;
			buildActionMask = 2147483647;
			files = (
			);
			inputPaths = (
			);
			name = "📦 Check Pods Manifest.lock";
			outputPaths = (
			);
			runOnlyForDeploymentPostprocessing = 0;
			shellPath = /bin/sh;
			shellScript = "diff \"${PODS_ROOT}/../Podfile.lock\" \"${PODS_ROOT}/Manifest.lock\" > /dev/null\nif [[ $? != 0 ]] ; then\n    cat << EOM\nerror: The sandbox is not in sync with the Podfile.lock. Run 'pod install' or update your CocoaPods installation.\nEOM\n    exit 1\nfi\n";
			showEnvVarsInLog = 0;
		};
		C582C5EC2FE3427521D8D7D1 /* 📦 Embed Pods Frameworks */ = {
			isa = PBXShellScriptBuildPhase;
			buildActionMask = 2147483647;
			files = (
			);
			inputPaths = (
			);
			name = "📦 Embed Pods Frameworks";
			outputPaths = (
			);
			runOnlyForDeploymentPostprocessing = 0;
			shellPath = /bin/sh;
			shellScript = "\"${SRCROOT}/Pods/Target Support Files/Pods-SeaportTests/Pods-SeaportTests-frameworks.sh\"\n";
			showEnvVarsInLog = 0;
		};
		ED9259302CB20C4740A1A5D2 /* 📦 Check Pods Manifest.lock */ = {
			isa = PBXShellScriptBuildPhase;
			buildActionMask = 2147483647;
			files = (
			);
			inputPaths = (
			);
			name = "📦 Check Pods Manifest.lock";
			outputPaths = (
			);
			runOnlyForDeploymentPostprocessing = 0;
			shellPath = /bin/sh;
			shellScript = "diff \"${PODS_ROOT}/../Podfile.lock\" \"${PODS_ROOT}/Manifest.lock\" > /dev/null\nif [[ $? != 0 ]] ; then\n    cat << EOM\nerror: The sandbox is not in sync with the Podfile.lock. Run 'pod install' or update your CocoaPods installation.\nEOM\n    exit 1\nfi\n";
			showEnvVarsInLog = 0;
		};
/* End PBXShellScriptBuildPhase section */

/* Begin PBXSourcesBuildPhase section */
		4913D39D1928CA9C00DDA7E0 /* Sources */ = {
			isa = PBXSourcesBuildPhase;
			buildActionMask = 2147483647;
			files = (
				FAF9263C1963E55F00D970A2 /* WebViewJavascriptBridge.m in Sources */,
				FAF926241963E55700D970A2 /* ViewController.m in Sources */,
				4913D3B51928CA9C00DDA7E0 /* AppDelegate.m in Sources */,
				FAF926451963E56900D970A2 /* SeaportWebViewBridge.m in Sources */,
				4913D3B11928CA9C00DDA7E0 /* main.m in Sources */,
				FA50CEFF1CBCD1A800B3B1CC /* Seaport.m in Sources */,
			);
			runOnlyForDeploymentPostprocessing = 0;
		};
		4913D3BE1928CA9C00DDA7E0 /* Sources */ = {
			isa = PBXSourcesBuildPhase;
			buildActionMask = 2147483647;
			files = (
				4913D3D01928CA9C00DDA7E0 /* SeaportTests.m in Sources */,
			);
			runOnlyForDeploymentPostprocessing = 0;
		};
/* End PBXSourcesBuildPhase section */

/* Begin PBXTargetDependency section */
		4913D3C81928CA9C00DDA7E0 /* PBXTargetDependency */ = {
			isa = PBXTargetDependency;
			target = 4913D3A01928CA9C00DDA7E0 /* Seaport */;
			targetProxy = 4913D3C71928CA9C00DDA7E0 /* PBXContainerItemProxy */;
		};
/* End PBXTargetDependency section */

/* Begin PBXVariantGroup section */
		4913D3AD1928CA9C00DDA7E0 /* InfoPlist.strings */ = {
			isa = PBXVariantGroup;
			children = (
				4913D3AE1928CA9C00DDA7E0 /* en */,
			);
			name = InfoPlist.strings;
			sourceTree = "<group>";
		};
		4913D3B61928CA9C00DDA7E0 /* Main.storyboard */ = {
			isa = PBXVariantGroup;
			children = (
				4913D3B71928CA9C00DDA7E0 /* Base */,
			);
			name = Main.storyboard;
			sourceTree = "<group>";
		};
		4913D3CC1928CA9C00DDA7E0 /* InfoPlist.strings */ = {
			isa = PBXVariantGroup;
			children = (
				4913D3CD1928CA9C00DDA7E0 /* en */,
			);
			name = InfoPlist.strings;
			sourceTree = "<group>";
		};
/* End PBXVariantGroup section */

/* Begin XCBuildConfiguration section */
		4913D3D11928CA9C00DDA7E0 /* Debug */ = {
			isa = XCBuildConfiguration;
			buildSettings = {
				ALWAYS_SEARCH_USER_PATHS = NO;
				CLANG_CXX_LANGUAGE_STANDARD = "gnu++0x";
				CLANG_CXX_LIBRARY = "libc++";
				CLANG_ENABLE_MODULES = YES;
				CLANG_ENABLE_OBJC_ARC = YES;
				CLANG_WARN_BOOL_CONVERSION = YES;
				CLANG_WARN_CONSTANT_CONVERSION = YES;
				CLANG_WARN_DIRECT_OBJC_ISA_USAGE = YES_ERROR;
				CLANG_WARN_EMPTY_BODY = YES;
				CLANG_WARN_ENUM_CONVERSION = YES;
				CLANG_WARN_INT_CONVERSION = YES;
				CLANG_WARN_OBJC_ROOT_CLASS = YES_ERROR;
				CLANG_WARN__DUPLICATE_METHOD_MATCH = YES;
				"CODE_SIGN_IDENTITY[sdk=iphoneos*]" = "iPhone Developer";
				COPY_PHASE_STRIP = NO;
				GCC_C_LANGUAGE_STANDARD = gnu99;
				GCC_DYNAMIC_NO_PIC = NO;
				GCC_OPTIMIZATION_LEVEL = 0;
				GCC_PREPROCESSOR_DEFINITIONS = (
					"DEBUG=1",
					"$(inherited)",
				);
				GCC_SYMBOLS_PRIVATE_EXTERN = NO;
				GCC_WARN_64_TO_32_BIT_CONVERSION = YES;
				GCC_WARN_ABOUT_RETURN_TYPE = YES_ERROR;
				GCC_WARN_UNDECLARED_SELECTOR = YES;
				GCC_WARN_UNINITIALIZED_AUTOS = YES_AGGRESSIVE;
				GCC_WARN_UNUSED_FUNCTION = YES;
				GCC_WARN_UNUSED_VARIABLE = YES;
				IPHONEOS_DEPLOYMENT_TARGET = 7.1;
				ONLY_ACTIVE_ARCH = YES;
				SDKROOT = iphoneos;
			};
			name = Debug;
		};
		4913D3D21928CA9C00DDA7E0 /* Release */ = {
			isa = XCBuildConfiguration;
			buildSettings = {
				ALWAYS_SEARCH_USER_PATHS = NO;
				CLANG_CXX_LANGUAGE_STANDARD = "gnu++0x";
				CLANG_CXX_LIBRARY = "libc++";
				CLANG_ENABLE_MODULES = YES;
				CLANG_ENABLE_OBJC_ARC = YES;
				CLANG_WARN_BOOL_CONVERSION = YES;
				CLANG_WARN_CONSTANT_CONVERSION = YES;
				CLANG_WARN_DIRECT_OBJC_ISA_USAGE = YES_ERROR;
				CLANG_WARN_EMPTY_BODY = YES;
				CLANG_WARN_ENUM_CONVERSION = YES;
				CLANG_WARN_INT_CONVERSION = YES;
				CLANG_WARN_OBJC_ROOT_CLASS = YES_ERROR;
				CLANG_WARN__DUPLICATE_METHOD_MATCH = YES;
				"CODE_SIGN_IDENTITY[sdk=iphoneos*]" = "iPhone Developer";
				COPY_PHASE_STRIP = YES;
				ENABLE_NS_ASSERTIONS = NO;
				GCC_C_LANGUAGE_STANDARD = gnu99;
				GCC_WARN_64_TO_32_BIT_CONVERSION = YES;
				GCC_WARN_ABOUT_RETURN_TYPE = YES_ERROR;
				GCC_WARN_UNDECLARED_SELECTOR = YES;
				GCC_WARN_UNINITIALIZED_AUTOS = YES_AGGRESSIVE;
				GCC_WARN_UNUSED_FUNCTION = YES;
				GCC_WARN_UNUSED_VARIABLE = YES;
				IPHONEOS_DEPLOYMENT_TARGET = 7.1;
				SDKROOT = iphoneos;
				VALIDATE_PRODUCT = YES;
			};
			name = Release;
		};
		4913D3D41928CA9C00DDA7E0 /* Debug */ = {
			isa = XCBuildConfiguration;
			baseConfigurationReference = 228ADE7746120B8DEC911CD2 /* Pods-Seaport.debug.xcconfig */;
			buildSettings = {
				ASSETCATALOG_COMPILER_APPICON_NAME = AppIcon;
				ASSETCATALOG_COMPILER_LAUNCHIMAGE_NAME = LaunchImage;
				GCC_PRECOMPILE_PREFIX_HEADER = YES;
				GCC_PREFIX_HEADER = "Seaport/Seaport-Prefix.pch";
				INFOPLIST_FILE = "Seaport/Seaport-Info.plist";
				PRODUCT_NAME = "$(TARGET_NAME)";
				WRAPPER_EXTENSION = app;
			};
			name = Debug;
		};
		4913D3D51928CA9C00DDA7E0 /* Release */ = {
			isa = XCBuildConfiguration;
			baseConfigurationReference = 53C3C502A54CFAD81D3DBF21 /* Pods-Seaport.release.xcconfig */;
			buildSettings = {
				ASSETCATALOG_COMPILER_APPICON_NAME = AppIcon;
				ASSETCATALOG_COMPILER_LAUNCHIMAGE_NAME = LaunchImage;
				GCC_PRECOMPILE_PREFIX_HEADER = YES;
				GCC_PREFIX_HEADER = "Seaport/Seaport-Prefix.pch";
				INFOPLIST_FILE = "Seaport/Seaport-Info.plist";
				PRODUCT_NAME = "$(TARGET_NAME)";
				WRAPPER_EXTENSION = app;
			};
			name = Release;
		};
		4913D3D71928CA9C00DDA7E0 /* Debug */ = {
			isa = XCBuildConfiguration;
			baseConfigurationReference = 59EDB8A636C1519852D29A32 /* Pods-SeaportTests.debug.xcconfig */;
			buildSettings = {
				BUNDLE_LOADER = "$(BUILT_PRODUCTS_DIR)/Seaport.app/Seaport";
				FRAMEWORK_SEARCH_PATHS = (
					"$(SDKROOT)/Developer/Library/Frameworks",
					"$(inherited)",
					"$(DEVELOPER_FRAMEWORKS_DIR)",
				);
				GCC_PRECOMPILE_PREFIX_HEADER = YES;
				GCC_PREFIX_HEADER = "Seaport/Seaport-Prefix.pch";
				GCC_PREPROCESSOR_DEFINITIONS = (
					"DEBUG=1",
					"$(inherited)",
				);
				INFOPLIST_FILE = "SeaportTests/SeaportTests-Info.plist";
				PRODUCT_NAME = "$(TARGET_NAME)";
				TEST_HOST = "$(BUNDLE_LOADER)";
				WRAPPER_EXTENSION = xctest;
			};
			name = Debug;
		};
		4913D3D81928CA9C00DDA7E0 /* Release */ = {
			isa = XCBuildConfiguration;
			baseConfigurationReference = 787771C73B983B0D76C7C2EA /* Pods-SeaportTests.release.xcconfig */;
			buildSettings = {
				BUNDLE_LOADER = "$(BUILT_PRODUCTS_DIR)/Seaport.app/Seaport";
				FRAMEWORK_SEARCH_PATHS = (
					"$(SDKROOT)/Developer/Library/Frameworks",
					"$(inherited)",
					"$(DEVELOPER_FRAMEWORKS_DIR)",
				);
				GCC_PRECOMPILE_PREFIX_HEADER = YES;
				GCC_PREFIX_HEADER = "Seaport/Seaport-Prefix.pch";
				INFOPLIST_FILE = "SeaportTests/SeaportTests-Info.plist";
				PRODUCT_NAME = "$(TARGET_NAME)";
				TEST_HOST = "$(BUNDLE_LOADER)";
				WRAPPER_EXTENSION = xctest;
			};
			name = Release;
		};
/* End XCBuildConfiguration section */

/* Begin XCConfigurationList section */
		4913D39C1928CA9C00DDA7E0 /* Build configuration list for PBXProject "Seaport" */ = {
			isa = XCConfigurationList;
			buildConfigurations = (
				4913D3D11928CA9C00DDA7E0 /* Debug */,
				4913D3D21928CA9C00DDA7E0 /* Release */,
			);
			defaultConfigurationIsVisible = 0;
			defaultConfigurationName = Release;
		};
		4913D3D31928CA9C00DDA7E0 /* Build configuration list for PBXNativeTarget "Seaport" */ = {
			isa = XCConfigurationList;
			buildConfigurations = (
				4913D3D41928CA9C00DDA7E0 /* Debug */,
				4913D3D51928CA9C00DDA7E0 /* Release */,
			);
			defaultConfigurationIsVisible = 0;
			defaultConfigurationName = Release;
		};
		4913D3D61928CA9C00DDA7E0 /* Build configuration list for PBXNativeTarget "SeaportTests" */ = {
			isa = XCConfigurationList;
			buildConfigurations = (
				4913D3D71928CA9C00DDA7E0 /* Debug */,
				4913D3D81928CA9C00DDA7E0 /* Release */,
			);
			defaultConfigurationIsVisible = 0;
			defaultConfigurationName = Release;
		};
/* End XCConfigurationList section */
	};
	rootObject = 4913D3991928CA9C00DDA7E0 /* Project object */;
}
